
Microsoft Visual Studio Solution File, Format Version 12.00
# Visual Studio 15
VisualStudioVersion = 15.0.27130.2036
MinimumVisualStudioVersion = 10.0.40219.1
Project("{FAE04EC0-301F-11D3-BF4B-00C04F79EFBC}") = "ContactApp.Android", "ContactApp\ContactApp.Android\ContactApp.Android.csproj", "{49A54D4C-EF7B-475E-95B1-90C400E92836}"
EndProject
Project("{FAE04EC0-301F-11D3-BF4B-00C04F79EFBC}") = "ContactApp.iOS", "ContactApp\ContactApp.iOS\ContactApp.iOS.csproj", "{039F9E9E-D3DE-45B6-A664-41135B207E3D}"
EndProject
Project("{FAE04EC0-301F-11D3-BF4B-00C04F79EFBC}") = "ContactApp.UWP", "ContactApp\ContactApp.UWP\ContactApp.UWP.csproj", "{A8EA8C34-5611-432E-837D-89B4B617950A}"
EndProject
Project("{FAE04EC0-301F-11D3-BF4B-00C04F79EFBC}") = "ContactApp", "ContactApp\ContactApp\ContactApp.csproj", "{6150772D-EC4B-4726-8A68-0EDC7EEAFBCA}"
EndProject
Global
	GlobalSection(SolutionConfigurationPlatforms) = preSolution
		Ad-Hoc|Any CPU = Ad-Hoc|Any CPU
		Ad-Hoc|ARM = Ad-Hoc|ARM
		Ad-Hoc|iPhone = Ad-Hoc|iPhone
		Ad-Hoc|iPhoneSimulator = Ad-Hoc|iPhoneSimulator
		Ad-Hoc|x64 = Ad-Hoc|x64
		Ad-Hoc|x86 = Ad-Hoc|x86
		AppStore|Any CPU = AppStore|Any CPU
		AppStore|ARM = AppStore|ARM
		AppStore|iPhone = AppStore|iPhone
		AppStore|iPhoneSimulator = AppStore|iPhoneSimulator
		AppStore|x64 = AppStore|x64
		AppStore|x86 = AppStore|x86
		Debug|Any CPU = Debug|Any CPU
		Debug|ARM = Debug|ARM
		Debug|iPhone = Debug|iPhone
		Debug|iPhoneSimulator = Debug|iPhoneSimulator
		Debug|x64 = Debug|x64
		Debug|x86 = Debug|x86
		Release|Any CPU = Release|Any CPU
		Release|ARM = Release|ARM
		Release|iPhone = Release|iPhone
		Release|iPhoneSimulator = Release|iPhoneSimulator
		Release|x64 = Release|x64
		Release|x86 = Release|x86
	EndGlobalSection
	GlobalSection(ProjectConfigurationPlatforms) = postSolution
		{49A54D4C-EF7B-475E-95B1-90C400E92836}.Ad-Hoc|Any CPU.ActiveCfg = Release|Any CPU
		{49A54D4C-EF7B-475E-95B1-90C400E92836}.Ad-Hoc|Any CPU.Build.0 = Release|Any CPU
		{49A54D4C-EF7B-475E-95B1-90C400E92836}.Ad-Hoc|Any CPU.Deploy.0 = Release|Any CPU
		{49A54D4C-EF7B-475E-95B1-90C400E92836}.Ad-Hoc|ARM.ActiveCfg = Release|Any CPU
		{49A54D4C-EF7B-475E-95B1-90C400E92836}.Ad-Hoc|ARM.Build.0 = Release|Any CPU
		{49A54D4C-EF7B-475E-95B1-90C400E92836}.Ad-Hoc|ARM.Deploy.0 = Release|Any CPU
		{49A54D4C-EF7B-475E-95B1-90C400E92836}.Ad-Hoc|iPhone.ActiveCfg = Release|Any CPU
		{49A54D4C-EF7B-475E-95B1-90C400E92836}.Ad-Hoc|iPhone.Build.0 = Release|Any CPU
		{49A54D4C-EF7B-475E-95B1-90C400E92836}.Ad-Hoc|iPhone.Deploy.0 = Release|Any CPU
		{49A54D4C-EF7B-475E-95B1-90C400E92836}.Ad-Hoc|iPhoneSimulator.ActiveCfg = Release|Any CPU
		{49A54D4C-EF7B-475E-95B1-90C400E92836}.Ad-Hoc|iPhoneSimulator.Build.0 = Release|Any CPU
		{49A54D4C-EF7B-475E-95B1-90C400E92836}.Ad-Hoc|iPhoneSimulator.Deploy.0 = Release|Any CPU
		{49A54D4C-EF7B-475E-95B1-90C400E92836}.Ad-Hoc|x64.ActiveCfg = Release|Any CPU
		{49A54D4C-EF7B-475E-95B1-90C400E92836}.Ad-Hoc|x64.Build.0 = Release|Any CPU
		{49A54D4C-EF7B-475E-95B1-90C400E92836}.Ad-Hoc|x64.Deploy.0 = Release|Any CPU
		{49A54D4C-EF7B-475E-95B1-90C400E92836}.Ad-Hoc|x86.ActiveCfg = Release|Any CPU
		{49A54D4C-EF7B-475E-95B1-90C400E92836}.Ad-Hoc|x86.Build.0 = Release|Any CPU
		{49A54D4C-EF7B-475E-95B1-90C400E92836}.Ad-Hoc|x86.Deploy.0 = Release|Any CPU
		{49A54D4C-EF7B-475E-95B1-90C400E92836}.AppStore|Any CPU.ActiveCfg = Release|Any CPU
		{49A54D4C-EF7B-475E-95B1-90C400E92836}.AppStore|Any CPU.Build.0 = Release|Any CPU
		{49A54D4C-EF7B-475E-95B1-90C400E92836}.AppStore|Any CPU.Deploy.0 = Release|Any CPU
		{49A54D4C-EF7B-475E-95B1-90C400E92836}.AppStore|ARM.ActiveCfg = Release|Any CPU
		{49A54D4C-EF7B-475E-95B1-90C400E92836}.AppStore|ARM.Build.0 = Release|Any CPU
		{49A54D4C-EF7B-475E-95B1-90C400E92836}.AppStore|ARM.Deploy.0 = Release|Any CPU
		{49A54D4C-EF7B-475E-95B1-90C400E92836}.AppStore|iPhone.ActiveCfg = Release|Any CPU
		{49A54D4C-EF7B-475E-95B1-90C400E92836}.AppStore|iPhone.Build.0 = Release|Any CPU
		{49A54D4C-EF7B-475E-95B1-90C400E92836}.AppStore|iPhone.Deploy.0 = Release|Any CPU
		{49A54D4C-EF7B-475E-95B1-90C400E92836}.AppStore|iPhoneSimulator.ActiveCfg = Release|Any CPU
		{49A54D4C-EF7B-475E-95B1-90C400E92836}.AppStore|iPhoneSimulator.Build.0 = Release|Any CPU
		{49A54D4C-EF7B-475E-95B1-90C400E92836}.AppStore|iPhoneSimulator.Deploy.0 = Release|Any CPU
		{49A54D4C-EF7B-475E-95B1-90C400E92836}.AppStore|x64.ActiveCfg = Release|Any CPU
		{49A54D4C-EF7B-475E-95B1-90C400E92836}.AppStore|x64.Build.0 = Release|Any CPU
		{49A54D4C-EF7B-475E-95B1-90C400E92836}.AppStore|x64.Deploy.0 = Release|Any CPU
		{49A54D4C-EF7B-475E-95B1-90C400E92836}.AppStore|x86.ActiveCfg = Release|Any CPU
		{49A54D4C-EF7B-475E-95B1-90C400E92836}.AppStore|x86.Build.0 = Release|Any CPU
		{49A54D4C-EF7B-475E-95B1-90C400E92836}.AppStore|x86.Deploy.0 = Release|Any CPU
		{49A54D4C-EF7B-475E-95B1-90C400E92836}.Debug|Any CPU.ActiveCfg = Debug|Any CPU
		{49A54D4C-EF7B-475E-95B1-90C400E92836}.Debug|Any CPU.Build.0 = Debug|Any CPU
		{49A54D4C-EF7B-475E-95B1-90C400E92836}.Debug|Any CPU.Deploy.0 = Debug|Any CPU
		{49A54D4C-EF7B-475E-95B1-90C400E92836}.Debug|ARM.ActiveCfg = Debug|Any CPU
		{49A54D4C-EF7B-475E-95B1-90C400E92836}.Debug|ARM.Build.0 = Debug|Any CPU
		{49A54D4C-EF7B-475E-95B1-90C400E92836}.Debug|ARM.Deploy.0 = Debug|Any CPU
		{49A54D4C-EF7B-475E-95B1-90C400E92836}.Debug|iPhone.ActiveCfg = Debug|Any CPU
		{49A54D4C-EF7B-475E-95B1-90C400E92836}.Debug|iPhone.Build.0 = Debug|Any CPU
		{49A54D4C-EF7B-475E-95B1-90C400E92836}.Debug|iPhone.Deploy.0 = Debug|Any CPU
		{49A54D4C-EF7B-475E-95B1-90C400E92836}.Debug|iPhoneSimulator.ActiveCfg = Debug|Any CPU
		{49A54D4C-EF7B-475E-95B1-90C400E92836}.Debug|iPhoneSimulator.Build.0 = Debug|Any CPU
		{49A54D4C-EF7B-475E-95B1-90C400E92836}.Debug|iPhoneSimulator.Deploy.0 = Debug|Any CPU
		{49A54D4C-EF7B-475E-95B1-90C400E92836}.Debug|x64.ActiveCfg = Debug|Any CPU
		{49A54D4C-EF7B-475E-95B1-90C400E92836}.Debug|x64.Build.0 = Debug|Any CPU
		{49A54D4C-EF7B-475E-95B1-90C400E92836}.Debug|x64.Deploy.0 = Debug|Any CPU
		{49A54D4C-EF7B-475E-95B1-90C400E92836}.Debug|x86.ActiveCfg = Debug|Any CPU
		{49A54D4C-EF7B-475E-95B1-90C400E92836}.Debug|x86.Build.0 = Debug|Any CPU
		{49A54D4C-EF7B-475E-95B1-90C400E92836}.Debug|x86.Deploy.0 = Debug|Any CPU
		{49A54D4C-EF7B-475E-95B1-90C400E92836}.Release|Any CPU.ActiveCfg = Release|Any CPU
		{49A54D4C-EF7B-475E-95B1-90C400E92836}.Release|Any CPU.Build.0 = Release|Any CPU
		{49A54D4C-EF7B-475E-95B1-90C400E92836}.Release|Any CPU.Deploy.0 = Release|Any CPU
		{49A54D4C-EF7B-475E-95B1-90C400E92836}.Release|ARM.ActiveCfg = Release|Any CPU
		{49A54D4C-EF7B-475E-95B1-90C400E92836}.Release|ARM.Build.0 = Release|Any CPU
		{49A54D4C-EF7B-475E-95B1-90C400E92836}.Release|ARM.Deploy.0 = Release|Any CPU
		{49A54D4C-EF7B-475E-95B1-90C400E92836}.Release|iPhone.ActiveCfg = Release|Any CPU
		{49A54D4C-EF7B-475E-95B1-90C400E92836}.Release|iPhone.Build.0 = Release|Any CPU
		{49A54D4C-EF7B-475E-95B1-90C400E92836}.Release|iPhone.Deploy.0 = Release|Any CPU
		{49A54D4C-EF7B-475E-95B1-90C400E92836}.Release|iPhoneSimulator.ActiveCfg = Release|Any CPU
		{49A54D4C-EF7B-475E-95B1-90C400E92836}.Release|iPhoneSimulator.Build.0 = Release|Any CPU
		{49A54D4C-EF7B-475E-95B1-90C400E92836}.Release|iPhoneSimulator.Deploy.0 = Release|Any CPU
		{49A54D4C-EF7B-475E-95B1-90C400E92836}.Release|x64.ActiveCfg = Release|Any CPU
		{49A54D4C-EF7B-475E-95B1-90C400E92836}.Release|x64.Build.0 = Release|Any CPU
		{49A54D4C-EF7B-475E-95B1-90C400E92836}.Release|x64.Deploy.0 = Release|Any CPU
		{49A54D4C-EF7B-475E-95B1-90C400E92836}.Release|x86.ActiveCfg = Release|Any CPU
		{49A54D4C-EF7B-475E-95B1-90C400E92836}.Release|x86.Build.0 = Release|Any CPU
		{49A54D4C-EF7B-475E-95B1-90C400E92836}.Release|x86.Deploy.0 = Release|Any CPU
		{039F9E9E-D3DE-45B6-A664-41135B207E3D}.Ad-Hoc|Any CPU.ActiveCfg = Ad-Hoc|iPhone
		{039F9E9E-D3DE-45B6-A664-41135B207E3D}.Ad-Hoc|ARM.ActiveCfg = Ad-Hoc|iPhone
		{039F9E9E-D3DE-45B6-A664-41135B207E3D}.Ad-Hoc|iPhone.ActiveCfg = Ad-Hoc|iPhone
		{039F9E9E-D3DE-45B6-A664-41135B207E3D}.Ad-Hoc|iPhone.Build.0 = Ad-Hoc|iPhone
		{039F9E9E-D3DE-45B6-A664-41135B207E3D}.Ad-Hoc|iPhoneSimulator.ActiveCfg = Ad-Hoc|iPhoneSimulator
		{039F9E9E-D3DE-45B6-A664-41135B207E3D}.Ad-Hoc|iPhoneSimulator.Build.0 = Ad-Hoc|iPhoneSimulator
		{039F9E9E-D3DE-45B6-A664-41135B207E3D}.Ad-Hoc|x64.ActiveCfg = Ad-Hoc|iPhone
		{039F9E9E-D3DE-45B6-A664-41135B207E3D}.Ad-Hoc|x86.ActiveCfg = Ad-Hoc|iPhone
		{039F9E9E-D3DE-45B6-A664-41135B207E3D}.AppStore|Any CPU.ActiveCfg = AppStore|iPhone
		{039F9E9E-D3DE-45B6-A664-41135B207E3D}.AppStore|ARM.ActiveCfg = AppStore|iPhone
		{039F9E9E-D3DE-45B6-A664-41135B207E3D}.AppStore|iPhone.ActiveCfg = AppStore|iPhone
		{039F9E9E-D3DE-45B6-A664-41135B207E3D}.AppStore|iPhone.Build.0 = AppStore|iPhone
		{039F9E9E-D3DE-45B6-A664-41135B207E3D}.AppStore|iPhoneSimulator.ActiveCfg = AppStore|iPhoneSimulator
		{039F9E9E-D3DE-45B6-A664-41135B207E3D}.AppStore|iPhoneSimulator.Build.0 = AppStore|iPhoneSimulator
		{039F9E9E-D3DE-45B6-A664-41135B207E3D}.AppStore|x64.ActiveCfg = AppStore|iPhone
		{039F9E9E-D3DE-45B6-A664-41135B207E3D}.AppStore|x86.ActiveCfg = AppStore|iPhone
		{039F9E9E-D3DE-45B6-A664-41135B207E3D}.Debug|Any CPU.ActiveCfg = Debug|iPhone
		{039F9E9E-D3DE-45B6-A664-41135B207E3D}.Debug|ARM.ActiveCfg = Debug|iPhone
		{039F9E9E-D3DE-45B6-A664-41135B207E3D}.Debug|iPhone.ActiveCfg = Debug|iPhone
		{039F9E9E-D3DE-45B6-A664-41135B207E3D}.Debug|iPhone.Build.0 = Debug|iPhone
		{039F9E9E-D3DE-45B6-A664-41135B207E3D}.Debug|iPhoneSimulator.ActiveCfg = Debug|iPhoneSimulator
		{039F9E9E-D3DE-45B6-A664-41135B207E3D}.Debug|iPhoneSimulator.Build.0 = Debug|iPhoneSimulator
		{039F9E9E-D3DE-45B6-A664-41135B207E3D}.Debug|x64.ActiveCfg = Debug|iPhone
		{039F9E9E-D3DE-45B6-A664-41135B207E3D}.Debug|x86.ActiveCfg = Debug|iPhone
		{039F9E9E-D3DE-45B6-A664-41135B207E3D}.Release|Any CPU.ActiveCfg = Release|iPhone
		{039F9E9E-D3DE-45B6-A664-41135B207E3D}.Release|ARM.ActiveCfg = Release|iPhone
		{039F9E9E-D3DE-45B6-A664-41135B207E3D}.Release|iPhone.ActiveCfg = Release|iPhone
		{039F9E9E-D3DE-45B6-A664-41135B207E3D}.Release|iPhone.Build.0 = Release|iPhone
		{039F9E9E-D3DE-45B6-A664-41135B207E3D}.Release|iPhoneSimulator.ActiveCfg = Release|iPhoneSimulator
		{039F9E9E-D3DE-45B6-A664-41135B207E3D}.Release|iPhoneSimulator.Build.0 = Release|iPhoneSimulator
		{039F9E9E-D3DE-45B6-A664-41135B207E3D}.Release|x64.ActiveCfg = Release|iPhone
		{039F9E9E-D3DE-45B6-A664-41135B207E3D}.Release|x86.ActiveCfg = Release|iPhone
		{A8EA8C34-5611-432E-837D-89B4B617950A}.Ad-Hoc|Any CPU.ActiveCfg = Release|x86
		{A8EA8C34-5611-432E-837D-89B4B617950A}.Ad-Hoc|Any CPU.Build.0 = Release|x86
		{A8EA8C34-5611-432E-837D-89B4B617950A}.Ad-Hoc|Any CPU.Deploy.0 = Release|x86
		{A8EA8C34-5611-432E-837D-89B4B617950A}.Ad-Hoc|ARM.ActiveCfg = Release|ARM
		{A8EA8C34-5611-432E-837D-89B4B617950A}.Ad-Hoc|ARM.Build.0 = Release|ARM
		{A8EA8C34-5611-432E-837D-89B4B617950A}.Ad-Hoc|ARM.Deploy.0 = Release|ARM
		{A8EA8C34-5611-432E-837D-89B4B617950A}.Ad-Hoc|iPhone.ActiveCfg = Release|x86
		{A8EA8C34-5611-432E-837D-89B4B617950A}.Ad-Hoc|iPhone.Build.0 = Release|x86
		{A8EA8C34-5611-432E-837D-89B4B617950A}.Ad-Hoc|iPhone.Deploy.0 = Release|x86
		{A8EA8C34-5611-432E-837D-89B4B617950A}.Ad-Hoc|iPhoneSimulator.ActiveCfg = Release|x86
		{A8EA8C34-5611-432E-837D-89B4B617950A}.Ad-Hoc|iPhoneSimulator.Build.0 = Release|x86
		{A8EA8C34-5611-432E-837D-89B4B617950A}.Ad-Hoc|iPhoneSimulator.Deploy.0 = Release|x86
		{A8EA8C34-5611-432E-837D-89B4B617950A}.Ad-Hoc|x64.ActiveCfg = Release|x64
		{A8EA8C34-5611-432E-837D-89B4B617950A}.Ad-Hoc|x64.Build.0 = Release|x64
		{A8EA8C34-5611-432E-837D-89B4B617950A}.Ad-Hoc|x64.Deploy.0 = Release|x64
		{A8EA8C34-5611-432E-837D-89B4B617950A}.Ad-Hoc|x86.ActiveCfg = Release|x86
		{A8EA8C34-5611-432E-837D-89B4B617950A}.Ad-Hoc|x86.Build.0 = Release|x86
		{A8EA8C34-5611-432E-837D-89B4B617950A}.Ad-Hoc|x86.Deploy.0 = Release|x86
		{A8EA8C34-5611-432E-837D-89B4B617950A}.AppStore|Any CPU.ActiveCfg = Release|x86
		{A8EA8C34-5611-432E-837D-89B4B617950A}.AppStore|Any CPU.Build.0 = Release|x86
		{A8EA8C34-5611-432E-837D-89B4B617950A}.AppStore|Any CPU.Deploy.0 = Release|x86
		{A8EA8C34-5611-432E-837D-89B4B617950A}.AppStore|ARM.ActiveCfg = Release|ARM
		{A8EA8C34-5611-432E-837D-89B4B617950A}.AppStore|ARM.Build.0 = Release|ARM
		{A8EA8C34-5611-432E-837D-89B4B617950A}.AppStore|ARM.Deploy.0 = Release|ARM
		{A8EA8C34-5611-432E-837D-89B4B617950A}.AppStore|iPhone.ActiveCfg = Release|x86
		{A8EA8C34-5611-432E-837D-89B4B617950A}.AppStore|iPhone.Build.0 = Release|x86
		{A8EA8C34-5611-432E-837D-89B4B617950A}.AppStore|iPhone.Deploy.0 = Release|x86
		{A8EA8C34-5611-432E-837D-89B4B617950A}.AppStore|iPhoneSimulator.ActiveCfg = Release|x86
		{A8EA8C34-5611-432E-837D-89B4B617950A}.AppStore|iPhoneSimulator.Build.0 = Release|x86
		{A8EA8C34-5611-432E-837D-89B4B617950A}.AppStore|iPhoneSimulator.Deploy.0 = Release|x86
		{A8EA8C34-5611-432E-837D-89B4B617950A}.AppStore|x64.ActiveCfg = Release|x64
		{A8EA8C34-5611-432E-837D-89B4B617950A}.AppStore|x64.Build.0 = Release|x64
		{A8EA8C34-5611-432E-837D-89B4B617950A}.AppStore|x64.Deploy.0 = Release|x64
		{A8EA8C34-5611-432E-837D-89B4B617950A}.AppStore|x86.ActiveCfg = Release|x86
		{A8EA8C34-5611-432E-837D-89B4B617950A}.AppStore|x86.Build.0 = Release|x86
		{A8EA8C34-5611-432E-837D-89B4B617950A}.AppStore|x86.Deploy.0 = Release|x86
		{A8EA8C34-5611-432E-837D-89B4B617950A}.Debug|Any CPU.ActiveCfg = Debug|x86
		{A8EA8C34-5611-432E-837D-89B4B617950A}.Debug|ARM.ActiveCfg = Debug|ARM
		{A8EA8C34-5611-432E-837D-89B4B617950A}.Debug|ARM.Build.0 = Debug|ARM
		{A8EA8C34-5611-432E-837D-89B4B617950A}.Debug|ARM.Deploy.0 = Debug|ARM
		{A8EA8C34-5611-432E-837D-89B4B617950A}.Debug|iPhone.ActiveCfg = Debug|x86
		{A8EA8C34-5611-432E-837D-89B4B617950A}.Debug|iPhoneSimulator.ActiveCfg = Debug|x86
		{A8EA8C34-5611-432E-837D-89B4B617950A}.Debug|x64.ActiveCfg = Debug|x64
		{A8EA8C34-5611-432E-837D-89B4B617950A}.Debug|x64.Build.0 = Debug|x64
		{A8EA8C34-5611-432E-837D-89B4B617950A}.Debug|x64.Deploy.0 = Debug|x64
		{A8EA8C34-5611-432E-837D-89B4B617950A}.Debug|x86.ActiveCfg = Debug|x86
		{A8EA8C34-5611-432E-837D-89B4B617950A}.Debug|x86.Build.0 = Debug|x86
		{A8EA8C34-5611-432E-837D-89B4B617950A}.Debug|x86.Deploy.0 = Debug|x86
		{A8EA8C34-5611-432E-837D-89B4B617950A}.Release|Any CPU.ActiveCfg = Release|x86
		{A8EA8C34-5611-432E-837D-89B4B617950A}.Release|ARM.ActiveCfg = Release|ARM
		{A8EA8C34-5611-432E-837D-89B4B617950A}.Release|ARM.Build.0 = Release|ARM
		{A8EA8C34-5611-432E-837D-89B4B617950A}.Release|ARM.Deploy.0 = Release|ARM
		{A8EA8C34-5611-432E-837D-89B4B617950A}.Release|iPhone.ActiveCfg = Release|x86
		{A8EA8C34-5611-432E-837D-89B4B617950A}.Release|iPhoneSimulator.ActiveCfg = Release|x86
		{A8EA8C34-5611-432E-837D-89B4B617950A}.Release|x64.ActiveCfg = Release|x64
		{A8EA8C34-5611-432E-837D-89B4B617950A}.Release|x64.Build.0 = Release|x64
		{A8EA8C34-5611-432E-837D-89B4B617950A}.Release|x64.Deploy.0 = Release|x64
		{A8EA8C34-5611-432E-837D-89B4B617950A}.Release|x86.ActiveCfg = Release|x86
		{A8EA8C34-5611-432E-837D-89B4B617950A}.Release|x86.Build.0 = Release|x86
		{A8EA8C34-5611-432E-837D-89B4B617950A}.Release|x86.Deploy.0 = Release|x86
		{6150772D-EC4B-4726-8A68-0EDC7EEAFBCA}.Ad-Hoc|Any CPU.ActiveCfg = Debug|Any CPU
		{6150772D-EC4B-4726-8A68-0EDC7EEAFBCA}.Ad-Hoc|Any CPU.Build.0 = Debug|Any CPU
		{6150772D-EC4B-4726-8A68-0EDC7EEAFBCA}.Ad-Hoc|ARM.ActiveCfg = Debug|Any CPU
		{6150772D-EC4B-4726-8A68-0EDC7EEAFBCA}.Ad-Hoc|ARM.Build.0 = Debug|Any CPU
		{6150772D-EC4B-4726-8A68-0EDC7EEAFBCA}.Ad-Hoc|iPhone.ActiveCfg = Debug|Any CPU
		{6150772D-EC4B-4726-8A68-0EDC7EEAFBCA}.Ad-Hoc|iPhone.Build.0 = Debug|Any CPU
		{6150772D-EC4B-4726-8A68-0EDC7EEAFBCA}.Ad-Hoc|iPhoneSimulator.ActiveCfg = Debug|Any CPU
		{6150772D-EC4B-4726-8A68-0EDC7EEAFBCA}.Ad-Hoc|iPhoneSimulator.Build.0 = Debug|Any CPU
		{6150772D-EC4B-4726-8A68-0EDC7EEAFBCA}.Ad-Hoc|x64.ActiveCfg = Debug|Any CPU
		{6150772D-EC4B-4726-8A68-0EDC7EEAFBCA}.Ad-Hoc|x64.Build.0 = Debug|Any CPU
		{6150772D-EC4B-4726-8A68-0EDC7EEAFBCA}.Ad-Hoc|x86.ActiveCfg = Debug|Any CPU
		{6150772D-EC4B-4726-8A68-0EDC7EEAFBCA}.Ad-Hoc|x86.Build.0 = Debug|Any CPU
		{6150772D-EC4B-4726-8A68-0EDC7EEAFBCA}.AppStore|Any CPU.ActiveCfg = Debug|Any CPU
		{6150772D-EC4B-4726-8A68-0EDC7EEAFBCA}.AppStore|Any CPU.Build.0 = Debug|Any CPU
		{6150772D-EC4B-4726-8A68-0EDC7EEAFBCA}.AppStore|ARM.ActiveCfg = Debug|Any CPU
		{6150772D-EC4B-4726-8A68-0EDC7EEAFBCA}.AppStore|ARM.Build.0 = Debug|Any CPU
		{6150772D-EC4B-4726-8A68-0EDC7EEAFBCA}.AppStore|iPhone.ActiveCfg = Debug|Any CPU
		{6150772D-EC4B-4726-8A68-0EDC7EEAFBCA}.AppStore|iPhone.Build.0 = Debug|Any CPU
		{6150772D-EC4B-4726-8A68-0EDC7EEAFBCA}.AppStore|iPhoneSimulator.ActiveCfg = Debug|Any CPU
		{6150772D-EC4B-4726-8A68-0EDC7EEAFBCA}.AppStore|iPhoneSimulator.Build.0 = Debug|Any CPU
		{6150772D-EC4B-4726-8A68-0EDC7EEAFBCA}.AppStore|x64.ActiveCfg = Debug|Any CPU
		{6150772D-EC4B-4726-8A68-0EDC7EEAFBCA}.AppStore|x64.Build.0 = Debug|Any CPU
		{6150772D-EC4B-4726-8A68-0EDC7EEAFBCA}.AppStore|x86.ActiveCfg = Debug|Any CPU
		{6150772D-EC4B-4726-8A68-0EDC7EEAFBCA}.AppStore|x86.Build.0 = Debug|Any CPU
		{6150772D-EC4B-4726-8A68-0EDC7EEAFBCA}.Debug|Any CPU.ActiveCfg = Debug|Any CPU
		{6150772D-EC4B-4726-8A68-0EDC7EEAFBCA}.Debug|Any CPU.Build.0 = Debug|Any CPU
		{6150772D-EC4B-4726-8A68-0EDC7EEAFBCA}.Debug|ARM.ActiveCfg = Debug|Any CPU
		{6150772D-EC4B-4726-8A68-0EDC7EEAFBCA}.Debug|ARM.Build.0 = Debug|Any CPU
		{6150772D-EC4B-4726-8A68-0EDC7EEAFBCA}.Debug|iPhone.ActiveCfg = Debug|Any CPU
		{6150772D-EC4B-4726-8A68-0EDC7EEAFBCA}.Debug|iPhone.Build.0 = Debug|Any CPU
		{6150772D-EC4B-4726-8A68-0EDC7EEAFBCA}.Debug|iPhoneSimulator.ActiveCfg = Debug|Any CPU
		{6150772D-EC4B-4726-8A68-0EDC7EEAFBCA}.Debug|iPhoneSimulator.Build.0 = Debug|Any CPU
		{6150772D-EC4B-4726-8A68-0EDC7EEAFBCA}.Debug|x64.ActiveCfg = Debug|Any CPU
		{6150772D-EC4B-4726-8A68-0EDC7EEAFBCA}.Debug|x64.Build.0 = Debug|Any CPU
		{6150772D-EC4B-4726-8A68-0EDC7EEAFBCA}.Debug|x86.ActiveCfg = Debug|Any CPU
		{6150772D-EC4B-4726-8A68-0EDC7EEAFBCA}.Debug|x86.Build.0 = Debug|Any CPU
		{6150772D-EC4B-4726-8A68-0EDC7EEAFBCA}.Release|Any CPU.ActiveCfg = Release|Any CPU
		{6150772D-EC4B-4726-8A68-0EDC7EEAFBCA}.Release|Any CPU.Build.0 = Release|Any CPU
		{6150772D-EC4B-4726-8A68-0EDC7EEAFBCA}.Release|ARM.ActiveCfg = Release|Any CPU
		{6150772D-EC4B-4726-8A68-0EDC7EEAFBCA}.Release|ARM.Build.0 = Release|Any CPU
		{6150772D-EC4B-4726-8A68-0EDC7EEAFBCA}.Release|iPhone.ActiveCfg = Release|Any CPU
		{6150772D-EC4B-4726-8A68-0EDC7EEAFBCA}.Release|iPhone.Build.0 = Release|Any CPU
		{6150772D-EC4B-4726-8A68-0EDC7EEAFBCA}.Release|iPhoneSimulator.ActiveCfg = Release|Any CPU
		{6150772D-EC4B-4726-8A68-0EDC7EEAFBCA}.Release|iPhoneSimulator.Build.0 = Release|Any CPU
		{6150772D-EC4B-4726-8A68-0EDC7EEAFBCA}.Release|x64.ActiveCfg = Release|Any CPU
		{6150772D-EC4B-4726-8A68-0EDC7EEAFBCA}.Release|x64.Build.0 = Release|Any CPU
		{6150772D-EC4B-4726-8A68-0EDC7EEAFBCA}.Release|x86.ActiveCfg = Release|Any CPU
		{6150772D-EC4B-4726-8A68-0EDC7EEAFBCA}.Release|x86.Build.0 = Release|Any CPU
	EndGlobalSection
	GlobalSection(SolutionProperties) = preSolution
		HideSolutionNode = FALSE
	EndGlobalSection
	GlobalSection(ExtensibilityGlobals) = postSolution
		SolutionGuid = {2DC14D06-B59B-4976-8D2A-626F81885460}
	EndGlobalSection
EndGlobal
